
Microsoft Visual Studio Solution File, Format Version 12.00
# Visual Studio Version 17
VisualStudioVersion = 17.7.34024.191
MinimumVisualStudioVersion = 10.0.40219.1
Project("{8BC9CEB8-8B4A-11D0-8D11-00A0C91BC942}") = "Sinussum", "Sinussum.vcxproj", "{5739D665-902A-4D95-895F-A7E332405869}"
EndProject
Global
	GlobalSection(SolutionConfigurationPlatforms) = preSolution
		Debug|x64 = Debug|x64
		Debug|x86 = Debug|x86
		Release|x64 = Release|x64
		Release|x86 = Release|x86
	EndGlobalSection
	GlobalSection(ProjectConfigurationPlatforms) = postSolution
		{5739D665-902A-4D95-895F-A7E332405869}.Debug|x64.ActiveCfg = Debug|x64
		{5739D665-902A-4D95-895F-A7E332405869}.Debug|x64.Build.0 = Debug|x64
		{5739D665-902A-4D95-895F-A7E332405869}.Debug|x86.ActiveCfg = Debug|Win32
		{5739D665-902A-4D95-895F-A7E332405869}.Debug|x86.Build.0 = Debug|Win32
		{5739D665-902A-4D95-895F-A7E332405869}.Release|x64.ActiveCfg = Release|x64
		{5739D665-902A-4D95-895F-A7E332405869}.Release|x64.Build.0 = Release|x64
		{5739D665-902A-4D95-895F-A7E332405869}.Release|x86.ActiveCfg = Release|Win32
		{5739D665-902A-4D95-895F-A7E332405869}.Release|x86.Build.0 = Release|Win32
	EndGlobalSection
	GlobalSection(SolutionProperties) = preSolution
		HideSolutionNode = FALSE
	EndGlobalSection
	GlobalSection(ExtensibilityGlobals) = postSolution
		SolutionGuid = {855DB280-B1A6-483F-A4B9-1E2A08B17405}
	EndGlobalSection
EndGlobal
